<?xml version="1.0" encoding="utf-8"?>
<Project ToolsVersion="4.0" xmlns="http://schemas.microsoft.com/developer/msbuild/2003">
  <ItemGroup>
    <Filter Include="Source Files">
      <UniqueIdentifier>{4FC737F1-C7A5-4376-A066-2A32D752A2FF}</UniqueIdentifier>
      <Extensions>cpp;c;cc;cxx;def;odl;idl;hpj;bat;asm;asmx</Extensions>
    </Filter>
    <Filter Include="Header Files">
      <UniqueIdentifier>{93995380-89BD-4b04-88EB-625FBE52EBFB}</UniqueIdentifier>
      <Extensions>h;hh;hpp;hxx;hm;inl;inc;xsd</Extensions>
    </Filter>
    <Filter Include="Resource Files">
      <UniqueIdentifier>{67DA6AB6-F800-4c08-8B7A-83BB121AAD01}</UniqueIdentifier>
      <Extensions>rc;ico;cur;bmp;dlg;rc2;rct;bin;rgs;gif;jpg;jpeg;jpe;resx;tiff;tif;png;wav</Extensions>
    </Filter>
  </ItemGroup>
  <ItemGroup>
    <ClCompile Include="Bomb.cpp">
      <Filter>Source Files</Filter>
    </ClCompile>
    <ClCompile Include="Bomber.cpp">
      <Filter>Source Files</Filter>
    </ClCompile>
    <ClCompile Include="Bonus.cpp">
      <Filter>Source Files</Filter>
    </ClCompile>
    <ClCompile Include="Bouton.cpp">
      <Filter>Source Files</Filter>
    </ClCompile>
    <ClCompile Include="BoutonContinue.cpp">
      <Filter>Source Files</Filter>
    </ClCompile>
    <ClCompile Include="BoutonGatherOnline.cpp">
      <Filter>Source Files</Filter>
    </ClCompile>
    <ClCompile Include="BoutonJoinOnline.cpp">
      <Filter>Source Files</Filter>
    </ClCompile>
    <ClCompile Include="BoutonKiss.cpp">
      <Filter>Source Files</Filter>
    </ClCompile>
    <ClCompile Include="BoutonKiss_GatherStart.cpp">
      <Filter>Source Files</Filter>
    </ClCompile>
    <ClCompile Include="BoutonKiss_JoinStart.cpp">
      <Filter>Source Files</Filter>
    </ClCompile>
    <ClCompile Include="BoutonMultiplayer.cpp">
      <Filter>Source Files</Filter>
    </ClCompile>
    <ClCompile Include="BoutonNouvellePartie.cpp">
      <Filter>Source Files</Filter>
    </ClCompile>
    <ClCompile Include="BoutonOption.cpp">
      <Filter>Source Files</Filter>
    </ClCompile>
    <ClCompile Include="BoutonQuitter.cpp">
      <Filter>Source Files</Filter>
    </ClCompile>
    <ClCompile Include="BoutonRetour.cpp">
      <Filter>Source Files</Filter>
    </ClCompile>
    <ClCompile Include="Carte.cpp">
      <Filter>Source Files</Filter>
    </ClCompile>
    <ClCompile Include="Case.cpp">
      <Filter>Source Files</Filter>
    </ClCompile>
    <ClCompile Include="CheckBox.cpp">
      <Filter>Source Files</Filter>
    </ClCompile>
    <ClCompile Include="Coin.cpp">
      <Filter>Source Files</Filter>
    </ClCompile>
    <ClCompile Include="Effet.cpp">
      <Filter>Source Files</Filter>
    </ClCompile>
    <ClCompile Include="Ennemi.cpp">
      <Filter>Source Files</Filter>
    </ClCompile>
    <ClCompile Include="EnnemiAlienBoss.cpp">
      <Filter>Source Files</Filter>
    </ClCompile>
    <ClCompile Include="EnnemiGhost.cpp">
      <Filter>Source Files</Filter>
    </ClCompile>
    <ClCompile Include="EnnemiGiggler.cpp">
      <Filter>Source Files</Filter>
    </ClCompile>
    <ClCompile Include="EnnemiGunner.cpp">
      <Filter>Source Files</Filter>
    </ClCompile>
    <ClCompile Include="EnnemiHeadBoss.cpp">
      <Filter>Source Files</Filter>
    </ClCompile>
    <ClCompile Include="EnnemiHumain.cpp">
      <Filter>Source Files</Filter>
    </ClCompile>
    <ClCompile Include="EnnemiLizzy.cpp">
      <Filter>Source Files</Filter>
    </ClCompile>
    <ClCompile Include="EnnemiSarge.cpp">
      <Filter>Source Files</Filter>
    </ClCompile>
    <ClCompile Include="EnnemiSkully.cpp">
      <Filter>Source Files</Filter>
    </ClCompile>
    <ClCompile Include="EnnemiSmoulder.cpp">
      <Filter>Source Files</Filter>
    </ClCompile>
    <ClCompile Include="EnnemiSoldier.cpp">
      <Filter>Source Files</Filter>
    </ClCompile>
    <ClCompile Include="EnnemiTaur.cpp">
      <Filter>Source Files</Filter>
    </ClCompile>
    <ClCompile Include="EnnemiThing.cpp">
      <Filter>Source Files</Filter>
    </ClCompile>
    <ClCompile Include="EntryKiss.cpp">
      <Filter>Source Files</Filter>
    </ClCompile>
    <ClCompile Include="EntryKissNetworkChat.cpp">
      <Filter>Source Files</Filter>
    </ClCompile>
    <ClCompile Include="Explosion.cpp">
      <Filter>Source Files</Filter>
    </ClCompile>
    <ClCompile Include="GroupCheckBox.cpp">
      <Filter>Source Files</Filter>
    </ClCompile>
    <ClCompile Include="Jeu.cpp">
      <Filter>Source Files</Filter>
    </ClCompile>
    <ClCompile Include="Lettre.cpp">
      <Filter>Source Files</Filter>
    </ClCompile>
    <ClCompile Include="Libelle.cpp">
      <Filter>Source Files</Filter>
    </ClCompile>
    <ClCompile Include="main.cpp">
      <Filter>Source Files</Filter>
    </ClCompile>
    <ClCompile Include="Menu.cpp">
      <Filter>Source Files</Filter>
    </ClCompile>
    <ClCompile Include="MenuFin.cpp">
      <Filter>Source Files</Filter>
    </ClCompile>
    <ClCompile Include="MenuGatherNetwork.cpp">
      <Filter>Source Files</Filter>
    </ClCompile>
    <ClCompile Include="MenuJeu.cpp">
      <Filter>Source Files</Filter>
    </ClCompile>
    <ClCompile Include="MenuJoinNetwork.cpp">
      <Filter>Source Files</Filter>
    </ClCompile>
    <ClCompile Include="MenuMultiplayer.cpp">
      <Filter>Source Files</Filter>
    </ClCompile>
    <ClCompile Include="MenuOption.cpp">
      <Filter>Source Files</Filter>
    </ClCompile>
    <ClCompile Include="MenuPrepareNetworkGame.cpp">
      <Filter>Source Files</Filter>
    </ClCompile>
    <ClCompile Include="MenuPrincipal.cpp">
      <Filter>Source Files</Filter>
    </ClCompile>
    <ClCompile Include="MenuTemplate.cpp">
      <Filter>Source Files</Filter>
    </ClCompile>
    <ClCompile Include="Network_Client.cpp">
      <Filter>Source Files</Filter>
    </ClCompile>
    <ClCompile Include="Network_Server.cpp">
      <Filter>Source Files</Filter>
    </ClCompile>
    <ClCompile Include="Personnage.cpp">
      <Filter>Source Files</Filter>
    </ClCompile>
    <ClCompile Include="Projectile.cpp">
      <Filter>Source Files</Filter>
    </ClCompile>
    <ClCompile Include="ProjectileBolt.cpp">
      <Filter>Source Files</Filter>
    </ClCompile>
    <ClCompile Include="ProjectileEgg.cpp">
      <Filter>Source Files</Filter>
    </ClCompile>
    <ClCompile Include="ProjectileFireBall.cpp">
      <Filter>Source Files</Filter>
    </ClCompile>
    <ClCompile Include="ProjectileFlame.cpp">
      <Filter>Source Files</Filter>
    </ClCompile>
    <ClCompile Include="ProjectileHeadMissile.cpp">
      <Filter>Source Files</Filter>
    </ClCompile>
    <ClCompile Include="ProjectileMagma.cpp">
      <Filter>Source Files</Filter>
    </ClCompile>
    <ClCompile Include="ProjectileMGShot.cpp">
      <Filter>Source Files</Filter>
    </ClCompile>
    <ClCompile Include="ProjectilePlasma.cpp">
      <Filter>Source Files</Filter>
    </ClCompile>
    <ClCompile Include="ProjectileShot.cpp">
      <Filter>Source Files</Filter>
    </ClCompile>
    <ClCompile Include="Score.cpp">
      <Filter>Source Files</Filter>
    </ClCompile>
    <ClCompile Include="Teleporter.cpp">
      <Filter>Source Files</Filter>
    </ClCompile>
    <ClCompile Include="TextBox.cpp">
      <Filter>Source Files</Filter>
    </ClCompile>
    <ClCompile Include="tinyxml2.cpp">
      <Filter>Source Files</Filter>
    </ClCompile>
    <ClCompile Include="Transition.cpp">
      <Filter>Source Files</Filter>
    </ClCompile>
    <ClCompile Include="Utile.cpp">
      <Filter>Source Files</Filter>
    </ClCompile>
    <ClCompile Include="VolumeBar.cpp">
      <Filter>Source Files</Filter>
    </ClCompile>
    <ClCompile Include="Widget.cpp">
      <Filter>Source Files</Filter>
    </ClCompile>
    <ClCompile Include="kiss_draw.c">
      <Filter>Source Files</Filter>
    </ClCompile>
    <ClCompile Include="kiss_general.c">
      <Filter>Source Files</Filter>
    </ClCompile>
    <ClCompile Include="kiss_posix.c">
      <Filter>Source Files</Filter>
    </ClCompile>
    <ClCompile Include="kiss_widgets.c">
      <Filter>Source Files</Filter>
    </ClCompile>
  </ItemGroup>
  <ItemGroup>
    <ClInclude Include="Bomb.h">
      <Filter>Header Files</Filter>
    </ClInclude>
    <ClInclude Include="Bomber.h">
      <Filter>Header Files</Filter>
    </ClInclude>
    <ClInclude Include="Bonus.h">
      <Filter>Header Files</Filter>
    </ClInclude>
    <ClInclude Include="Bouton.h">
      <Filter>Header Files</Filter>
    </ClInclude>
    <ClInclude Include="BoutonContinue.h">
      <Filter>Header Files</Filter>
    </ClInclude>
    <ClInclude Include="BoutonGatherOnline.h">
      <Filter>Header Files</Filter>
    </ClInclude>
    <ClInclude Include="BoutonJoinOnline.h">
      <Filter>Header Files</Filter>
    </ClInclude>
    <ClInclude Include="BoutonKiss.h">
      <Filter>Header Files</Filter>
    </ClInclude>
    <ClInclude Include="BoutonKiss_GatherStart.h">
      <Filter>Header Files</Filter>
    </ClInclude>
    <ClInclude Include="BoutonKiss_JoinStart.h">
      <Filter>Header Files</Filter>
    </ClInclude>
    <ClInclude Include="BoutonMultiplayer.h">
      <Filter>Header Files</Filter>
    </ClInclude>
    <ClInclude Include="BoutonNouvellePartie.h">
      <Filter>Header Files</Filter>
    </ClInclude>
    <ClInclude Include="BoutonOption.h">
      <Filter>Header Files</Filter>
    </ClInclude>
    <ClInclude Include="BoutonQuitter.h">
      <Filter>Header Files</Filter>
    </ClInclude>
    <ClInclude Include="BoutonRetour.h">
      <Filter>Header Files</Filter>
    </ClInclude>
    <ClInclude Include="Carte.h">
      <Filter>Header Files</Filter>
    </ClInclude>
    <ClInclude Include="Case.h">
      <Filter>Header Files</Filter>
    </ClInclude>
    <ClInclude Include="CheckBox.h">
      <Filter>Header Files</Filter>
    </ClInclude>
    <ClInclude Include="Coin.h">
      <Filter>Header Files</Filter>
    </ClInclude>
    <ClInclude Include="Effet.h">
      <Filter>Header Files</Filter>
    </ClInclude>
    <ClInclude Include="Ennemi.h">
      <Filter>Header Files</Filter>
    </ClInclude>
    <ClInclude Include="EnnemiAlienBoss.h">
      <Filter>Header Files</Filter>
    </ClInclude>
    <ClInclude Include="EnnemiGhost.h">
      <Filter>Header Files</Filter>
    </ClInclude>
    <ClInclude Include="EnnemiGiggler.h">
      <Filter>Header Files</Filter>
    </ClInclude>
    <ClInclude Include="EnnemiGunner.h">
      <Filter>Header Files</Filter>
    </ClInclude>
    <ClInclude Include="EnnemiHeadBoss.h">
      <Filter>Header Files</Filter>
    </ClInclude>
    <ClInclude Include="EnnemiHumain.h">
      <Filter>Header Files</Filter>
    </ClInclude>
    <ClInclude Include="EnnemiLizzy.h">
      <Filter>Header Files</Filter>
    </ClInclude>
    <ClInclude Include="EnnemiSarge.h">
      <Filter>Header Files</Filter>
    </ClInclude>
    <ClInclude Include="EnnemiSkully.h">
      <Filter>Header Files</Filter>
    </ClInclude>
    <ClInclude Include="EnnemiSmoulder.h">
      <Filter>Header Files</Filter>
    </ClInclude>
    <ClInclude Include="EnnemiSoldier.h">
      <Filter>Header Files</Filter>
    </ClInclude>
    <ClInclude Include="EnnemiTaur.h">
      <Filter>Header Files</Filter>
    </ClInclude>
    <ClInclude Include="EnnemiThing.h">
      <Filter>Header Files</Filter>
    </ClInclude>
    <ClInclude Include="EntryKiss.h">
      <Filter>Header Files</Filter>
    </ClInclude>
    <ClInclude Include="EntryKissNetworkChat.h">
      <Filter>Header Files</Filter>
    </ClInclude>
    <ClInclude Include="Enumeration.h">
      <Filter>Header Files</Filter>
    </ClInclude>
    <ClInclude Include="Explosion.h">
      <Filter>Header Files</Filter>
    </ClInclude>
    <ClInclude Include="GroupCheckBox.h">
      <Filter>Header Files</Filter>
    </ClInclude>
    <ClInclude Include="Input.h">
      <Filter>Header Files</Filter>
    </ClInclude>
    <ClInclude Include="Jeu.h">
      <Filter>Header Files</Filter>
    </ClInclude>
    <ClInclude Include="kiss_sdl.h">
      <Filter>Header Files</Filter>
    </ClInclude>
    <ClInclude Include="Lettre.h">
      <Filter>Header Files</Filter>
    </ClInclude>
    <ClInclude Include="Libelle.h">
      <Filter>Header Files</Filter>
    </ClInclude>
    <ClInclude Include="Menu.h">
      <Filter>Header Files</Filter>
    </ClInclude>
    <ClInclude Include="MenuFin.h">
      <Filter>Header Files</Filter>
    </ClInclude>
    <ClInclude Include="MenuGatherNetwork.h">
      <Filter>Header Files</Filter>
    </ClInclude>
    <ClInclude Include="MenuJeu.h">
      <Filter>Header Files</Filter>
    </ClInclude>
    <ClInclude Include="MenuJoinNetwork.h">
      <Filter>Header Files</Filter>
    </ClInclude>
    <ClInclude Include="MenuMultiplayer.h">
      <Filter>Header Files</Filter>
    </ClInclude>
    <ClInclude Include="MenuOption.h">
      <Filter>Header Files</Filter>
    </ClInclude>
    <ClInclude Include="MenuPrepareNetworkGame.h">
      <Filter>Header Files</Filter>
    </ClInclude>
    <ClInclude Include="MenuPrincipal.h">
      <Filter>Header Files</Filter>
    </ClInclude>
    <ClInclude Include="MenuTemplate.h">
      <Filter>Header Files</Filter>
    </ClInclude>
    <ClInclude Include="Network_Client.h">
      <Filter>Header Files</Filter>
    </ClInclude>
    <ClInclude Include="Network_Server.h">
      <Filter>Header Files</Filter>
    </ClInclude>
    <ClInclude Include="Personnage.h">
      <Filter>Header Files</Filter>
    </ClInclude>
    <ClInclude Include="Projectile.h">
      <Filter>Header Files</Filter>
    </ClInclude>
    <ClInclude Include="ProjectileBolt.h">
      <Filter>Header Files</Filter>
    </ClInclude>
    <ClInclude Include="ProjectileEgg.h">
      <Filter>Header Files</Filter>
    </ClInclude>
    <ClInclude Include="ProjectileFireBall.h">
      <Filter>Header Files</Filter>
    </ClInclude>
    <ClInclude Include="ProjectileFlame.h">
      <Filter>Header Files</Filter>
    </ClInclude>
    <ClInclude Include="ProjectileHeadMissile.h">
      <Filter>Header Files</Filter>
    </ClInclude>
    <ClInclude Include="ProjectileMagma.h">
      <Filter>Header Files</Filter>
    </ClInclude>
    <ClInclude Include="ProjectileMGShot.h">
      <Filter>Header Files</Filter>
    </ClInclude>
    <ClInclude Include="ProjectilePlasma.h">
      <Filter>Header Files</Filter>
    </ClInclude>
    <ClInclude Include="ProjectileShot.h">
      <Filter>Header Files</Filter>
    </ClInclude>
    <ClInclude Include="Score.h">
      <Filter>Header Files</Filter>
    </ClInclude>
    <ClInclude Include="Teleporter.h">
      <Filter>Header Files</Filter>
    </ClInclude>
    <ClInclude Include="TextBox.h">
      <Filter>Header Files</Filter>
    </ClInclude>
    <ClInclude Include="tinyxml2.h">
      <Filter>Header Files</Filter>
    </ClInclude>
    <ClInclude Include="Transition.h">
      <Filter>Header Files</Filter>
    </ClInclude>
    <ClInclude Include="Utile.h">
      <Filter>Header Files</Filter>
    </ClInclude>
    <ClInclude Include="VolumeBar.h">
      <Filter>Header Files</Filter>
    </ClInclude>
    <ClInclude Include="Widget.h">
      <Filter>Header Files</Filter>
    </ClInclude>
  </ItemGroup>
  <ItemGroup>
    <None Include="packages.config" />
  </ItemGroup>
</Project>